
Microsoft Visual Studio Solution File, Format Version 12.00
# Visual Studio Version 17
VisualStudioVersion = 17.4.33213.308
MinimumVisualStudioVersion = 10.0.40219.1
Project("{FAE04EC0-301F-11D3-BF4B-00C04F79EFBC}") = "MVCMultipleLanguage", "MVCMultipleLanguage\MVCMultipleLanguage.csproj", "{77DC6806-6828-42E5-811D-AEA86D0110AA}"
EndProject
Global
	GlobalSection(SolutionConfigurationPlatforms) = preSolution
		Debug|Any CPU = Debug|Any CPU
		Release|Any CPU = Release|Any CPU
	EndGlobalSection
	GlobalSection(ProjectConfigurationPlatforms) = postSolution
		{77DC6806-6828-42E5-811D-AEA86D0110AA}.Debug|Any CPU.ActiveCfg = Debug|Any CPU
		{77DC6806-6828-42E5-811D-AEA86D0110AA}.Debug|Any CPU.Build.0 = Debug|Any CPU
		{77DC6806-6828-42E5-811D-AEA86D0110AA}.Release|Any CPU.ActiveCfg = Release|Any CPU
		{77DC6806-6828-42E5-811D-AEA86D0110AA}.Release|Any CPU.Build.0 = Release|Any CPU
	EndGlobalSection
	GlobalSection(SolutionProperties) = preSolution
		HideSolutionNode = FALSE
	EndGlobalSection
	GlobalSection(ExtensibilityGlobals) = postSolution
		SolutionGuid = {6B0D8370-585E-4E07-A5C5-25BDC15645AA}
	EndGlobalSection
EndGlobal
